
Microsoft Visual Studio Solution File, Format Version 12.00
# Visual Studio Version 16
VisualStudioVersion = 16.0.29209.62
MinimumVisualStudioVersion = 10.0.40219.1
Project("{FAE04EC0-301F-11D3-BF4B-00C04F79EFBC}") = "Shop.Common", "Shop.Common\Shop.Common.csproj", "{62650066-A3B6-423D-B436-41DBF504463D}"
EndProject
Project("{2150E333-8FDC-42A3-9474-1A3956D46DE8}") = "Backend", "Backend", "{F25A558C-9A94-4410-9C8E-09CBB0C148DC}"
EndProject
Project("{2150E333-8FDC-42A3-9474-1A3956D46DE8}") = "Frontend", "Frontend", "{79F143F8-3099-46B8-907C-5A964BD452B4}"
EndProject
Project("{FAE04EC0-301F-11D3-BF4B-00C04F79EFBC}") = "Shop.Web", "Shop.Web\Shop.Web.csproj", "{335C9687-4063-40D2-8F24-2F560A6723AA}"
EndProject
Project("{2150E333-8FDC-42A3-9474-1A3956D46DE8}") = "Froms", "Froms", "{81580FB9-1FDA-4DAA-A0F6-C835A1B6ECE5}"
EndProject
Project("{2150E333-8FDC-42A3-9474-1A3956D46DE8}") = "Classic", "Classic", "{6395525F-49EF-4FB9-A63C-153A2E9B52B9}"
EndProject
Project("{FAE04EC0-301F-11D3-BF4B-00C04F79EFBC}") = "Shop.UIForms.UWP", "Shop.UIForms\Shop.UIForms.UWP\Shop.UIForms.UWP.csproj", "{44E2DDA0-4D74-4112-9C91-E8A026ACD2BA}"
EndProject
Project("{FAE04EC0-301F-11D3-BF4B-00C04F79EFBC}") = "Shop.UIForms.Android", "Shop.UIForms\Shop.UIForms.Android\Shop.UIForms.Android.csproj", "{B19B71B2-54BC-4ED9-AFD1-02921FBBC7CD}"
EndProject
Project("{FAE04EC0-301F-11D3-BF4B-00C04F79EFBC}") = "Shop.UIForms.iOS", "Shop.UIForms\Shop.UIForms.iOS\Shop.UIForms.iOS.csproj", "{0A273307-6AC0-449A-AD64-A6279BA19BBC}"
EndProject
Project("{FAE04EC0-301F-11D3-BF4B-00C04F79EFBC}") = "Shop.UIForms", "Shop.UIForms\Shop.UIForms\Shop.UIForms.csproj", "{FEF3ED01-44BB-4836-B5EC-105EEC153A76}"
EndProject
Project("{FAE04EC0-301F-11D3-BF4B-00C04F79EFBC}") = "Shop.UIClassic", "Shop.UIClassic\Shop.UIClassic.csproj", "{1D2DF581-2409-46AB-BB26-E9E2B268C2FE}"
EndProject
Project("{FAE04EC0-301F-11D3-BF4B-00C04F79EFBC}") = "Shop.UIClassic.Android", "Shop.UIClassic.Android\Shop.UIClassic.Android.csproj", "{A24B556F-1D56-4EB0-9185-3043941E7715}"
EndProject
Project("{FAE04EC0-301F-11D3-BF4B-00C04F79EFBC}") = "Shop.UIClassic.iOS", "Shop.UIClassic.iOS\Shop.UIClassic.iOS.csproj", "{389BC03C-B0AC-4E06-91BC-AA998518BE0E}"
EndProject
Global
	GlobalSection(SolutionConfigurationPlatforms) = preSolution
		Debug|Any CPU = Debug|Any CPU
		Debug|ARM = Debug|ARM
		Debug|iPhone = Debug|iPhone
		Debug|iPhoneSimulator = Debug|iPhoneSimulator
		Debug|x64 = Debug|x64
		Debug|x86 = Debug|x86
		Release|Any CPU = Release|Any CPU
		Release|ARM = Release|ARM
		Release|iPhone = Release|iPhone
		Release|iPhoneSimulator = Release|iPhoneSimulator
		Release|x64 = Release|x64
		Release|x86 = Release|x86
	EndGlobalSection
	GlobalSection(ProjectConfigurationPlatforms) = postSolution
		{62650066-A3B6-423D-B436-41DBF504463D}.Debug|Any CPU.ActiveCfg = Debug|Any CPU
		{62650066-A3B6-423D-B436-41DBF504463D}.Debug|Any CPU.Build.0 = Debug|Any CPU
		{62650066-A3B6-423D-B436-41DBF504463D}.Debug|ARM.ActiveCfg = Debug|Any CPU
		{62650066-A3B6-423D-B436-41DBF504463D}.Debug|ARM.Build.0 = Debug|Any CPU
		{62650066-A3B6-423D-B436-41DBF504463D}.Debug|iPhone.ActiveCfg = Debug|Any CPU
		{62650066-A3B6-423D-B436-41DBF504463D}.Debug|iPhone.Build.0 = Debug|Any CPU
		{62650066-A3B6-423D-B436-41DBF504463D}.Debug|iPhoneSimulator.ActiveCfg = Debug|Any CPU
		{62650066-A3B6-423D-B436-41DBF504463D}.Debug|iPhoneSimulator.Build.0 = Debug|Any CPU
		{62650066-A3B6-423D-B436-41DBF504463D}.Debug|x64.ActiveCfg = Debug|Any CPU
		{62650066-A3B6-423D-B436-41DBF504463D}.Debug|x64.Build.0 = Debug|Any CPU
		{62650066-A3B6-423D-B436-41DBF504463D}.Debug|x86.ActiveCfg = Debug|Any CPU
		{62650066-A3B6-423D-B436-41DBF504463D}.Debug|x86.Build.0 = Debug|Any CPU
		{62650066-A3B6-423D-B436-41DBF504463D}.Release|Any CPU.ActiveCfg = Release|Any CPU
		{62650066-A3B6-423D-B436-41DBF504463D}.Release|Any CPU.Build.0 = Release|Any CPU
		{62650066-A3B6-423D-B436-41DBF504463D}.Release|ARM.ActiveCfg = Release|Any CPU
		{62650066-A3B6-423D-B436-41DBF504463D}.Release|ARM.Build.0 = Release|Any CPU
		{62650066-A3B6-423D-B436-41DBF504463D}.Release|iPhone.ActiveCfg = Release|Any CPU
		{62650066-A3B6-423D-B436-41DBF504463D}.Release|iPhone.Build.0 = Release|Any CPU
		{62650066-A3B6-423D-B436-41DBF504463D}.Release|iPhoneSimulator.ActiveCfg = Release|Any CPU
		{62650066-A3B6-423D-B436-41DBF504463D}.Release|iPhoneSimulator.Build.0 = Release|Any CPU
		{62650066-A3B6-423D-B436-41DBF504463D}.Release|x64.ActiveCfg = Release|Any CPU
		{62650066-A3B6-423D-B436-41DBF504463D}.Release|x64.Build.0 = Release|Any CPU
		{62650066-A3B6-423D-B436-41DBF504463D}.Release|x86.ActiveCfg = Release|Any CPU
		{62650066-A3B6-423D-B436-41DBF504463D}.Release|x86.Build.0 = Release|Any CPU
		{335C9687-4063-40D2-8F24-2F560A6723AA}.Debug|Any CPU.ActiveCfg = Debug|Any CPU
		{335C9687-4063-40D2-8F24-2F560A6723AA}.Debug|Any CPU.Build.0 = Debug|Any CPU
		{335C9687-4063-40D2-8F24-2F560A6723AA}.Debug|ARM.ActiveCfg = Debug|Any CPU
		{335C9687-4063-40D2-8F24-2F560A6723AA}.Debug|ARM.Build.0 = Debug|Any CPU
		{335C9687-4063-40D2-8F24-2F560A6723AA}.Debug|iPhone.ActiveCfg = Debug|Any CPU
		{335C9687-4063-40D2-8F24-2F560A6723AA}.Debug|iPhone.Build.0 = Debug|Any CPU
		{335C9687-4063-40D2-8F24-2F560A6723AA}.Debug|iPhoneSimulator.ActiveCfg = Debug|Any CPU
		{335C9687-4063-40D2-8F24-2F560A6723AA}.Debug|iPhoneSimulator.Build.0 = Debug|Any CPU
		{335C9687-4063-40D2-8F24-2F560A6723AA}.Debug|x64.ActiveCfg = Debug|Any CPU
		{335C9687-4063-40D2-8F24-2F560A6723AA}.Debug|x64.Build.0 = Debug|Any CPU
		{335C9687-4063-40D2-8F24-2F560A6723AA}.Debug|x86.ActiveCfg = Debug|Any CPU
		{335C9687-4063-40D2-8F24-2F560A6723AA}.Debug|x86.Build.0 = Debug|Any CPU
		{335C9687-4063-40D2-8F24-2F560A6723AA}.Release|Any CPU.ActiveCfg = Release|Any CPU
		{335C9687-4063-40D2-8F24-2F560A6723AA}.Release|Any CPU.Build.0 = Release|Any CPU
		{335C9687-4063-40D2-8F24-2F560A6723AA}.Release|ARM.ActiveCfg = Release|Any CPU
		{335C9687-4063-40D2-8F24-2F560A6723AA}.Release|ARM.Build.0 = Release|Any CPU
		{335C9687-4063-40D2-8F24-2F560A6723AA}.Release|iPhone.ActiveCfg = Release|Any CPU
		{335C9687-4063-40D2-8F24-2F560A6723AA}.Release|iPhone.Build.0 = Release|Any CPU
		{335C9687-4063-40D2-8F24-2F560A6723AA}.Release|iPhoneSimulator.ActiveCfg = Release|Any CPU
		{335C9687-4063-40D2-8F24-2F560A6723AA}.Release|iPhoneSimulator.Build.0 = Release|Any CPU
		{335C9687-4063-40D2-8F24-2F560A6723AA}.Release|x64.ActiveCfg = Release|Any CPU
		{335C9687-4063-40D2-8F24-2F560A6723AA}.Release|x64.Build.0 = Release|Any CPU
		{335C9687-4063-40D2-8F24-2F560A6723AA}.Release|x86.ActiveCfg = Release|Any CPU
		{335C9687-4063-40D2-8F24-2F560A6723AA}.Release|x86.Build.0 = Release|Any CPU
		{44E2DDA0-4D74-4112-9C91-E8A026ACD2BA}.Debug|Any CPU.ActiveCfg = Debug|x86
		{44E2DDA0-4D74-4112-9C91-E8A026ACD2BA}.Debug|ARM.ActiveCfg = Debug|ARM
		{44E2DDA0-4D74-4112-9C91-E8A026ACD2BA}.Debug|ARM.Build.0 = Debug|ARM
		{44E2DDA0-4D74-4112-9C91-E8A026ACD2BA}.Debug|ARM.Deploy.0 = Debug|ARM
		{44E2DDA0-4D74-4112-9C91-E8A026ACD2BA}.Debug|iPhone.ActiveCfg = Debug|x86
		{44E2DDA0-4D74-4112-9C91-E8A026ACD2BA}.Debug|iPhoneSimulator.ActiveCfg = Debug|x86
		{44E2DDA0-4D74-4112-9C91-E8A026ACD2BA}.Debug|x64.ActiveCfg = Debug|x64
		{44E2DDA0-4D74-4112-9C91-E8A026ACD2BA}.Debug|x64.Build.0 = Debug|x64
		{44E2DDA0-4D74-4112-9C91-E8A026ACD2BA}.Debug|x64.Deploy.0 = Debug|x64
		{44E2DDA0-4D74-4112-9C91-E8A026ACD2BA}.Debug|x86.ActiveCfg = Debug|x86
		{44E2DDA0-4D74-4112-9C91-E8A026ACD2BA}.Debug|x86.Build.0 = Debug|x86
		{44E2DDA0-4D74-4112-9C91-E8A026ACD2BA}.Debug|x86.Deploy.0 = Debug|x86
		{44E2DDA0-4D74-4112-9C91-E8A026ACD2BA}.Release|Any CPU.ActiveCfg = Release|x86
		{44E2DDA0-4D74-4112-9C91-E8A026ACD2BA}.Release|ARM.ActiveCfg = Release|ARM
		{44E2DDA0-4D74-4112-9C91-E8A026ACD2BA}.Release|ARM.Build.0 = Release|ARM
		{44E2DDA0-4D74-4112-9C91-E8A026ACD2BA}.Release|ARM.Deploy.0 = Release|ARM
		{44E2DDA0-4D74-4112-9C91-E8A026ACD2BA}.Release|iPhone.ActiveCfg = Release|x86
		{44E2DDA0-4D74-4112-9C91-E8A026ACD2BA}.Release|iPhoneSimulator.ActiveCfg = Release|x86
		{44E2DDA0-4D74-4112-9C91-E8A026ACD2BA}.Release|x64.ActiveCfg = Release|x64
		{44E2DDA0-4D74-4112-9C91-E8A026ACD2BA}.Release|x64.Build.0 = Release|x64
		{44E2DDA0-4D74-4112-9C91-E8A026ACD2BA}.Release|x64.Deploy.0 = Release|x64
		{44E2DDA0-4D74-4112-9C91-E8A026ACD2BA}.Release|x86.ActiveCfg = Release|x86
		{44E2DDA0-4D74-4112-9C91-E8A026ACD2BA}.Release|x86.Build.0 = Release|x86
		{44E2DDA0-4D74-4112-9C91-E8A026ACD2BA}.Release|x86.Deploy.0 = Release|x86
		{B19B71B2-54BC-4ED9-AFD1-02921FBBC7CD}.Debug|Any CPU.ActiveCfg = Debug|Any CPU
		{B19B71B2-54BC-4ED9-AFD1-02921FBBC7CD}.Debug|Any CPU.Build.0 = Debug|Any CPU
		{B19B71B2-54BC-4ED9-AFD1-02921FBBC7CD}.Debug|Any CPU.Deploy.0 = Debug|Any CPU
		{B19B71B2-54BC-4ED9-AFD1-02921FBBC7CD}.Debug|ARM.ActiveCfg = Debug|Any CPU
		{B19B71B2-54BC-4ED9-AFD1-02921FBBC7CD}.Debug|ARM.Build.0 = Debug|Any CPU
		{B19B71B2-54BC-4ED9-AFD1-02921FBBC7CD}.Debug|ARM.Deploy.0 = Debug|Any CPU
		{B19B71B2-54BC-4ED9-AFD1-02921FBBC7CD}.Debug|iPhone.ActiveCfg = Debug|Any CPU
		{B19B71B2-54BC-4ED9-AFD1-02921FBBC7CD}.Debug|iPhone.Build.0 = Debug|Any CPU
		{B19B71B2-54BC-4ED9-AFD1-02921FBBC7CD}.Debug|iPhone.Deploy.0 = Debug|Any CPU
		{B19B71B2-54BC-4ED9-AFD1-02921FBBC7CD}.Debug|iPhoneSimulator.ActiveCfg = Debug|Any CPU
		{B19B71B2-54BC-4ED9-AFD1-02921FBBC7CD}.Debug|iPhoneSimulator.Build.0 = Debug|Any CPU
		{B19B71B2-54BC-4ED9-AFD1-02921FBBC7CD}.Debug|iPhoneSimulator.Deploy.0 = Debug|Any CPU
		{B19B71B2-54BC-4ED9-AFD1-02921FBBC7CD}.Debug|x64.ActiveCfg = Debug|Any CPU
		{B19B71B2-54BC-4ED9-AFD1-02921FBBC7CD}.Debug|x64.Build.0 = Debug|Any CPU
		{B19B71B2-54BC-4ED9-AFD1-02921FBBC7CD}.Debug|x64.Deploy.0 = Debug|Any CPU
		{B19B71B2-54BC-4ED9-AFD1-02921FBBC7CD}.Debug|x86.ActiveCfg = Debug|Any CPU
		{B19B71B2-54BC-4ED9-AFD1-02921FBBC7CD}.Debug|x86.Build.0 = Debug|Any CPU
		{B19B71B2-54BC-4ED9-AFD1-02921FBBC7CD}.Debug|x86.Deploy.0 = Debug|Any CPU
		{B19B71B2-54BC-4ED9-AFD1-02921FBBC7CD}.Release|Any CPU.ActiveCfg = Release|Any CPU
		{B19B71B2-54BC-4ED9-AFD1-02921FBBC7CD}.Release|Any CPU.Build.0 = Release|Any CPU
		{B19B71B2-54BC-4ED9-AFD1-02921FBBC7CD}.Release|Any CPU.Deploy.0 = Release|Any CPU
		{B19B71B2-54BC-4ED9-AFD1-02921FBBC7CD}.Release|ARM.ActiveCfg = Release|Any CPU
		{B19B71B2-54BC-4ED9-AFD1-02921FBBC7CD}.Release|ARM.Build.0 = Release|Any CPU
		{B19B71B2-54BC-4ED9-AFD1-02921FBBC7CD}.Release|ARM.Deploy.0 = Release|Any CPU
		{B19B71B2-54BC-4ED9-AFD1-02921FBBC7CD}.Release|iPhone.ActiveCfg = Release|Any CPU
		{B19B71B2-54BC-4ED9-AFD1-02921FBBC7CD}.Release|iPhone.Build.0 = Release|Any CPU
		{B19B71B2-54BC-4ED9-AFD1-02921FBBC7CD}.Release|iPhone.Deploy.0 = Release|Any CPU
		{B19B71B2-54BC-4ED9-AFD1-02921FBBC7CD}.Release|iPhoneSimulator.ActiveCfg = Release|Any CPU
		{B19B71B2-54BC-4ED9-AFD1-02921FBBC7CD}.Release|iPhoneSimulator.Build.0 = Release|Any CPU
		{B19B71B2-54BC-4ED9-AFD1-02921FBBC7CD}.Release|iPhoneSimulator.Deploy.0 = Release|Any CPU
		{B19B71B2-54BC-4ED9-AFD1-02921FBBC7CD}.Release|x64.ActiveCfg = Release|Any CPU
		{B19B71B2-54BC-4ED9-AFD1-02921FBBC7CD}.Release|x64.Build.0 = Release|Any CPU
		{B19B71B2-54BC-4ED9-AFD1-02921FBBC7CD}.Release|x64.Deploy.0 = Release|Any CPU
		{B19B71B2-54BC-4ED9-AFD1-02921FBBC7CD}.Release|x86.ActiveCfg = Release|Any CPU
		{B19B71B2-54BC-4ED9-AFD1-02921FBBC7CD}.Release|x86.Build.0 = Release|Any CPU
		{B19B71B2-54BC-4ED9-AFD1-02921FBBC7CD}.Release|x86.Deploy.0 = Release|Any CPU
		{0A273307-6AC0-449A-AD64-A6279BA19BBC}.Debug|Any CPU.ActiveCfg = Debug|iPhone
		{0A273307-6AC0-449A-AD64-A6279BA19BBC}.Debug|ARM.ActiveCfg = Debug|iPhone
		{0A273307-6AC0-449A-AD64-A6279BA19BBC}.Debug|iPhone.ActiveCfg = Debug|iPhone
		{0A273307-6AC0-449A-AD64-A6279BA19BBC}.Debug|iPhone.Build.0 = Debug|iPhone
		{0A273307-6AC0-449A-AD64-A6279BA19BBC}.Debug|iPhoneSimulator.ActiveCfg = Debug|iPhoneSimulator
		{0A273307-6AC0-449A-AD64-A6279BA19BBC}.Debug|iPhoneSimulator.Build.0 = Debug|iPhoneSimulator
		{0A273307-6AC0-449A-AD64-A6279BA19BBC}.Debug|x64.ActiveCfg = Debug|iPhone
		{0A273307-6AC0-449A-AD64-A6279BA19BBC}.Debug|x86.ActiveCfg = Debug|iPhone
		{0A273307-6AC0-449A-AD64-A6279BA19BBC}.Release|Any CPU.ActiveCfg = Release|iPhone
		{0A273307-6AC0-449A-AD64-A6279BA19BBC}.Release|ARM.ActiveCfg = Release|iPhone
		{0A273307-6AC0-449A-AD64-A6279BA19BBC}.Release|iPhone.ActiveCfg = Release|iPhone
		{0A273307-6AC0-449A-AD64-A6279BA19BBC}.Release|iPhone.Build.0 = Release|iPhone
		{0A273307-6AC0-449A-AD64-A6279BA19BBC}.Release|iPhoneSimulator.ActiveCfg = Release|iPhoneSimulator
		{0A273307-6AC0-449A-AD64-A6279BA19BBC}.Release|iPhoneSimulator.Build.0 = Release|iPhoneSimulator
		{0A273307-6AC0-449A-AD64-A6279BA19BBC}.Release|x64.ActiveCfg = Release|iPhone
		{0A273307-6AC0-449A-AD64-A6279BA19BBC}.Release|x86.ActiveCfg = Release|iPhone
		{FEF3ED01-44BB-4836-B5EC-105EEC153A76}.Debug|Any CPU.ActiveCfg = Debug|Any CPU
		{FEF3ED01-44BB-4836-B5EC-105EEC153A76}.Debug|Any CPU.Build.0 = Debug|Any CPU
		{FEF3ED01-44BB-4836-B5EC-105EEC153A76}.Debug|ARM.ActiveCfg = Debug|Any CPU
		{FEF3ED01-44BB-4836-B5EC-105EEC153A76}.Debug|ARM.Build.0 = Debug|Any CPU
		{FEF3ED01-44BB-4836-B5EC-105EEC153A76}.Debug|iPhone.ActiveCfg = Debug|Any CPU
		{FEF3ED01-44BB-4836-B5EC-105EEC153A76}.Debug|iPhone.Build.0 = Debug|Any CPU
		{FEF3ED01-44BB-4836-B5EC-105EEC153A76}.Debug|iPhoneSimulator.ActiveCfg = Debug|Any CPU
		{FEF3ED01-44BB-4836-B5EC-105EEC153A76}.Debug|iPhoneSimulator.Build.0 = Debug|Any CPU
		{FEF3ED01-44BB-4836-B5EC-105EEC153A76}.Debug|x64.ActiveCfg = Debug|Any CPU
		{FEF3ED01-44BB-4836-B5EC-105EEC153A76}.Debug|x64.Build.0 = Debug|Any CPU
		{FEF3ED01-44BB-4836-B5EC-105EEC153A76}.Debug|x86.ActiveCfg = Debug|Any CPU
		{FEF3ED01-44BB-4836-B5EC-105EEC153A76}.Debug|x86.Build.0 = Debug|Any CPU
		{FEF3ED01-44BB-4836-B5EC-105EEC153A76}.Release|Any CPU.ActiveCfg = Release|Any CPU
		{FEF3ED01-44BB-4836-B5EC-105EEC153A76}.Release|Any CPU.Build.0 = Release|Any CPU
		{FEF3ED01-44BB-4836-B5EC-105EEC153A76}.Release|ARM.ActiveCfg = Release|Any CPU
		{FEF3ED01-44BB-4836-B5EC-105EEC153A76}.Release|ARM.Build.0 = Release|Any CPU
		{FEF3ED01-44BB-4836-B5EC-105EEC153A76}.Release|iPhone.ActiveCfg = Release|Any CPU
		{FEF3ED01-44BB-4836-B5EC-105EEC153A76}.Release|iPhone.Build.0 = Release|Any CPU
		{FEF3ED01-44BB-4836-B5EC-105EEC153A76}.Release|iPhoneSimulator.ActiveCfg = Release|Any CPU
		{FEF3ED01-44BB-4836-B5EC-105EEC153A76}.Release|iPhoneSimulator.Build.0 = Release|Any CPU
		{FEF3ED01-44BB-4836-B5EC-105EEC153A76}.Release|x64.ActiveCfg = Release|Any CPU
		{FEF3ED01-44BB-4836-B5EC-105EEC153A76}.Release|x64.Build.0 = Release|Any CPU
		{FEF3ED01-44BB-4836-B5EC-105EEC153A76}.Release|x86.ActiveCfg = Release|Any CPU
		{FEF3ED01-44BB-4836-B5EC-105EEC153A76}.Release|x86.Build.0 = Release|Any CPU
		{1D2DF581-2409-46AB-BB26-E9E2B268C2FE}.Debug|Any CPU.ActiveCfg = Debug|Any CPU
		{1D2DF581-2409-46AB-BB26-E9E2B268C2FE}.Debug|Any CPU.Build.0 = Debug|Any CPU
		{1D2DF581-2409-46AB-BB26-E9E2B268C2FE}.Debug|ARM.ActiveCfg = Debug|Any CPU
		{1D2DF581-2409-46AB-BB26-E9E2B268C2FE}.Debug|ARM.Build.0 = Debug|Any CPU
		{1D2DF581-2409-46AB-BB26-E9E2B268C2FE}.Debug|iPhone.ActiveCfg = Debug|Any CPU
		{1D2DF581-2409-46AB-BB26-E9E2B268C2FE}.Debug|iPhone.Build.0 = Debug|Any CPU
		{1D2DF581-2409-46AB-BB26-E9E2B268C2FE}.Debug|iPhoneSimulator.ActiveCfg = Debug|Any CPU
		{1D2DF581-2409-46AB-BB26-E9E2B268C2FE}.Debug|iPhoneSimulator.Build.0 = Debug|Any CPU
		{1D2DF581-2409-46AB-BB26-E9E2B268C2FE}.Debug|x64.ActiveCfg = Debug|Any CPU
		{1D2DF581-2409-46AB-BB26-E9E2B268C2FE}.Debug|x64.Build.0 = Debug|Any CPU
		{1D2DF581-2409-46AB-BB26-E9E2B268C2FE}.Debug|x86.ActiveCfg = Debug|Any CPU
		{1D2DF581-2409-46AB-BB26-E9E2B268C2FE}.Debug|x86.Build.0 = Debug|Any CPU
		{1D2DF581-2409-46AB-BB26-E9E2B268C2FE}.Release|Any CPU.ActiveCfg = Release|Any CPU
		{1D2DF581-2409-46AB-BB26-E9E2B268C2FE}.Release|Any CPU.Build.0 = Release|Any CPU
		{1D2DF581-2409-46AB-BB26-E9E2B268C2FE}.Release|ARM.ActiveCfg = Release|Any CPU
		{1D2DF581-2409-46AB-BB26-E9E2B268C2FE}.Release|ARM.Build.0 = Release|Any CPU
		{1D2DF581-2409-46AB-BB26-E9E2B268C2FE}.Release|iPhone.ActiveCfg = Release|Any CPU
		{1D2DF581-2409-46AB-BB26-E9E2B268C2FE}.Release|iPhone.Build.0 = Release|Any CPU
		{1D2DF581-2409-46AB-BB26-E9E2B268C2FE}.Release|iPhoneSimulator.ActiveCfg = Release|Any CPU
		{1D2DF581-2409-46AB-BB26-E9E2B268C2FE}.Release|iPhoneSimulator.Build.0 = Release|Any CPU
		{1D2DF581-2409-46AB-BB26-E9E2B268C2FE}.Release|x64.ActiveCfg = Release|Any CPU
		{1D2DF581-2409-46AB-BB26-E9E2B268C2FE}.Release|x64.Build.0 = Release|Any CPU
		{1D2DF581-2409-46AB-BB26-E9E2B268C2FE}.Release|x86.ActiveCfg = Release|Any CPU
		{1D2DF581-2409-46AB-BB26-E9E2B268C2FE}.Release|x86.Build.0 = Release|Any CPU
		{A24B556F-1D56-4EB0-9185-3043941E7715}.Debug|Any CPU.ActiveCfg = Debug|Any CPU
		{A24B556F-1D56-4EB0-9185-3043941E7715}.Debug|Any CPU.Build.0 = Debug|Any CPU
		{A24B556F-1D56-4EB0-9185-3043941E7715}.Debug|Any CPU.Deploy.0 = Debug|Any CPU
		{A24B556F-1D56-4EB0-9185-3043941E7715}.Debug|ARM.ActiveCfg = Debug|Any CPU
		{A24B556F-1D56-4EB0-9185-3043941E7715}.Debug|ARM.Build.0 = Debug|Any CPU
		{A24B556F-1D56-4EB0-9185-3043941E7715}.Debug|ARM.Deploy.0 = Debug|Any CPU
		{A24B556F-1D56-4EB0-9185-3043941E7715}.Debug|iPhone.ActiveCfg = Debug|Any CPU
		{A24B556F-1D56-4EB0-9185-3043941E7715}.Debug|iPhone.Build.0 = Debug|Any CPU
		{A24B556F-1D56-4EB0-9185-3043941E7715}.Debug|iPhone.Deploy.0 = Debug|Any CPU
		{A24B556F-1D56-4EB0-9185-3043941E7715}.Debug|iPhoneSimulator.ActiveCfg = Debug|Any CPU
		{A24B556F-1D56-4EB0-9185-3043941E7715}.Debug|iPhoneSimulator.Build.0 = Debug|Any CPU
		{A24B556F-1D56-4EB0-9185-3043941E7715}.Debug|iPhoneSimulator.Deploy.0 = Debug|Any CPU
		{A24B556F-1D56-4EB0-9185-3043941E7715}.Debug|x64.ActiveCfg = Debug|Any CPU
		{A24B556F-1D56-4EB0-9185-3043941E7715}.Debug|x64.Build.0 = Debug|Any CPU
		{A24B556F-1D56-4EB0-9185-3043941E7715}.Debug|x64.Deploy.0 = Debug|Any CPU
		{A24B556F-1D56-4EB0-9185-3043941E7715}.Debug|x86.ActiveCfg = Debug|Any CPU
		{A24B556F-1D56-4EB0-9185-3043941E7715}.Debug|x86.Build.0 = Debug|Any CPU
		{A24B556F-1D56-4EB0-9185-3043941E7715}.Debug|x86.Deploy.0 = Debug|Any CPU
		{A24B556F-1D56-4EB0-9185-3043941E7715}.Release|Any CPU.ActiveCfg = Release|Any CPU
		{A24B556F-1D56-4EB0-9185-3043941E7715}.Release|Any CPU.Build.0 = Release|Any CPU
		{A24B556F-1D56-4EB0-9185-3043941E7715}.Release|Any CPU.Deploy.0 = Release|Any CPU
		{A24B556F-1D56-4EB0-9185-3043941E7715}.Release|ARM.ActiveCfg = Release|Any CPU
		{A24B556F-1D56-4EB0-9185-3043941E7715}.Release|ARM.Build.0 = Release|Any CPU
		{A24B556F-1D56-4EB0-9185-3043941E7715}.Release|ARM.Deploy.0 = Release|Any CPU
		{A24B556F-1D56-4EB0-9185-3043941E7715}.Release|iPhone.ActiveCfg = Release|Any CPU
		{A24B556F-1D56-4EB0-9185-3043941E7715}.Release|iPhone.Build.0 = Release|Any CPU
		{A24B556F-1D56-4EB0-9185-3043941E7715}.Release|iPhone.Deploy.0 = Release|Any CPU
		{A24B556F-1D56-4EB0-9185-3043941E7715}.Release|iPhoneSimulator.ActiveCfg = Release|Any CPU
		{A24B556F-1D56-4EB0-9185-3043941E7715}.Release|iPhoneSimulator.Build.0 = Release|Any CPU
		{A24B556F-1D56-4EB0-9185-3043941E7715}.Release|iPhoneSimulator.Deploy.0 = Release|Any CPU
		{A24B556F-1D56-4EB0-9185-3043941E7715}.Release|x64.ActiveCfg = Release|Any CPU
		{A24B556F-1D56-4EB0-9185-3043941E7715}.Release|x64.Build.0 = Release|Any CPU
		{A24B556F-1D56-4EB0-9185-3043941E7715}.Release|x64.Deploy.0 = Release|Any CPU
		{A24B556F-1D56-4EB0-9185-3043941E7715}.Release|x86.ActiveCfg = Release|Any CPU
		{A24B556F-1D56-4EB0-9185-3043941E7715}.Release|x86.Build.0 = Release|Any CPU
		{A24B556F-1D56-4EB0-9185-3043941E7715}.Release|x86.Deploy.0 = Release|Any CPU
		{389BC03C-B0AC-4E06-91BC-AA998518BE0E}.Debug|Any CPU.ActiveCfg = Debug|iPhone
		{389BC03C-B0AC-4E06-91BC-AA998518BE0E}.Debug|ARM.ActiveCfg = Debug|iPhone
		{389BC03C-B0AC-4E06-91BC-AA998518BE0E}.Debug|iPhone.ActiveCfg = Debug|iPhone
		{389BC03C-B0AC-4E06-91BC-AA998518BE0E}.Debug|iPhone.Build.0 = Debug|iPhone
		{389BC03C-B0AC-4E06-91BC-AA998518BE0E}.Debug|iPhoneSimulator.ActiveCfg = Debug|iPhoneSimulator
		{389BC03C-B0AC-4E06-91BC-AA998518BE0E}.Debug|iPhoneSimulator.Build.0 = Debug|iPhoneSimulator
		{389BC03C-B0AC-4E06-91BC-AA998518BE0E}.Debug|x64.ActiveCfg = Debug|iPhone
		{389BC03C-B0AC-4E06-91BC-AA998518BE0E}.Debug|x86.ActiveCfg = Debug|iPhone
		{389BC03C-B0AC-4E06-91BC-AA998518BE0E}.Release|Any CPU.ActiveCfg = Release|iPhone
		{389BC03C-B0AC-4E06-91BC-AA998518BE0E}.Release|ARM.ActiveCfg = Release|iPhone
		{389BC03C-B0AC-4E06-91BC-AA998518BE0E}.Release|iPhone.ActiveCfg = Release|iPhone
		{389BC03C-B0AC-4E06-91BC-AA998518BE0E}.Release|iPhone.Build.0 = Release|iPhone
		{389BC03C-B0AC-4E06-91BC-AA998518BE0E}.Release|iPhoneSimulator.ActiveCfg = Release|iPhoneSimulator
		{389BC03C-B0AC-4E06-91BC-AA998518BE0E}.Release|iPhoneSimulator.Build.0 = Release|iPhoneSimulator
		{389BC03C-B0AC-4E06-91BC-AA998518BE0E}.Release|x64.ActiveCfg = Release|iPhone
		{389BC03C-B0AC-4E06-91BC-AA998518BE0E}.Release|x86.ActiveCfg = Release|iPhone
	EndGlobalSection
	GlobalSection(SolutionProperties) = preSolution
		HideSolutionNode = FALSE
	EndGlobalSection
	GlobalSection(NestedProjects) = preSolution
		{335C9687-4063-40D2-8F24-2F560A6723AA} = {F25A558C-9A94-4410-9C8E-09CBB0C148DC}
		{81580FB9-1FDA-4DAA-A0F6-C835A1B6ECE5} = {79F143F8-3099-46B8-907C-5A964BD452B4}
		{6395525F-49EF-4FB9-A63C-153A2E9B52B9} = {79F143F8-3099-46B8-907C-5A964BD452B4}
		{44E2DDA0-4D74-4112-9C91-E8A026ACD2BA} = {81580FB9-1FDA-4DAA-A0F6-C835A1B6ECE5}
		{B19B71B2-54BC-4ED9-AFD1-02921FBBC7CD} = {81580FB9-1FDA-4DAA-A0F6-C835A1B6ECE5}
		{0A273307-6AC0-449A-AD64-A6279BA19BBC} = {81580FB9-1FDA-4DAA-A0F6-C835A1B6ECE5}
		{FEF3ED01-44BB-4836-B5EC-105EEC153A76} = {81580FB9-1FDA-4DAA-A0F6-C835A1B6ECE5}
		{1D2DF581-2409-46AB-BB26-E9E2B268C2FE} = {6395525F-49EF-4FB9-A63C-153A2E9B52B9}
		{A24B556F-1D56-4EB0-9185-3043941E7715} = {6395525F-49EF-4FB9-A63C-153A2E9B52B9}
		{389BC03C-B0AC-4E06-91BC-AA998518BE0E} = {6395525F-49EF-4FB9-A63C-153A2E9B52B9}
	EndGlobalSection
	GlobalSection(ExtensibilityGlobals) = postSolution
		SolutionGuid = {DDC67A76-463B-4F63-9BB7-5A3BD1EAD082}
	EndGlobalSection
EndGlobal
